
Microsoft Visual Studio Solution File, Format Version 12.00
# Visual Studio Version 17
VisualStudioVersion = 17.14.36301.6
MinimumVisualStudioVersion = 10.0.40219.1
Project("{FAE04EC0-301F-11D3-BF4B-00C04F79EFBC}") = "SmartAgroPlan.WebAPI", "SmartAgroPlan.WebAPI\SmartAgroPlan.WebAPI.csproj", "{ED61CE43-BDEC-4F98-A07D-D4194EB568E5}"
EndProject
Project("{FAE04EC0-301F-11D3-BF4B-00C04F79EFBC}") = "SmartAgroPlan.DAL", "SmartAgroPlan.DAL\SmartAgroPlan.DAL.csproj", "{DDF32A03-AEF8-434A-A0AD-524F5964188E}"
EndProject
Project("{FAE04EC0-301F-11D3-BF4B-00C04F79EFBC}") = "SmartAgroPlan.XUnitTest", "SmartAgroPlan.XUnitTest\SmartAgroPlan.XUnitTest.csproj", "{AABFF4BE-1700-419F-91D1-EB159E22BDCB}"
EndProject
Project("{FAE04EC0-301F-11D3-BF4B-00C04F79EFBC}") = "SmartAgroPlan.BLL", "SmartAgroPlan.BLL\SmartAgroPlan.BLL.csproj", "{D735EF95-6D8E-44F7-A1C5-EE8301E2B42E}"
EndProject
Global
	GlobalSection(SolutionConfigurationPlatforms) = preSolution
		Debug|Any CPU = Debug|Any CPU
		Release|Any CPU = Release|Any CPU
	EndGlobalSection
	GlobalSection(ProjectConfigurationPlatforms) = postSolution
		{ED61CE43-BDEC-4F98-A07D-D4194EB568E5}.Debug|Any CPU.ActiveCfg = Debug|Any CPU
		{ED61CE43-BDEC-4F98-A07D-D4194EB568E5}.Debug|Any CPU.Build.0 = Debug|Any CPU
		{ED61CE43-BDEC-4F98-A07D-D4194EB568E5}.Release|Any CPU.ActiveCfg = Release|Any CPU
		{ED61CE43-BDEC-4F98-A07D-D4194EB568E5}.Release|Any CPU.Build.0 = Release|Any CPU
		{DDF32A03-AEF8-434A-A0AD-524F5964188E}.Debug|Any CPU.ActiveCfg = Debug|Any CPU
		{DDF32A03-AEF8-434A-A0AD-524F5964188E}.Debug|Any CPU.Build.0 = Debug|Any CPU
		{DDF32A03-AEF8-434A-A0AD-524F5964188E}.Release|Any CPU.ActiveCfg = Release|Any CPU
		{DDF32A03-AEF8-434A-A0AD-524F5964188E}.Release|Any CPU.Build.0 = Release|Any CPU
		{AABFF4BE-1700-419F-91D1-EB159E22BDCB}.Debug|Any CPU.ActiveCfg = Debug|Any CPU
		{AABFF4BE-1700-419F-91D1-EB159E22BDCB}.Debug|Any CPU.Build.0 = Debug|Any CPU
		{AABFF4BE-1700-419F-91D1-EB159E22BDCB}.Release|Any CPU.ActiveCfg = Release|Any CPU
		{AABFF4BE-1700-419F-91D1-EB159E22BDCB}.Release|Any CPU.Build.0 = Release|Any CPU
		{D735EF95-6D8E-44F7-A1C5-EE8301E2B42E}.Debug|Any CPU.ActiveCfg = Debug|Any CPU
		{D735EF95-6D8E-44F7-A1C5-EE8301E2B42E}.Debug|Any CPU.Build.0 = Debug|Any CPU
		{D735EF95-6D8E-44F7-A1C5-EE8301E2B42E}.Release|Any CPU.ActiveCfg = Release|Any CPU
		{D735EF95-6D8E-44F7-A1C5-EE8301E2B42E}.Release|Any CPU.Build.0 = Release|Any CPU
	EndGlobalSection
	GlobalSection(SolutionProperties) = preSolution
		HideSolutionNode = FALSE
	EndGlobalSection
	GlobalSection(ExtensibilityGlobals) = postSolution
		SolutionGuid = {6DE5CF01-DFC5-4F86-B32D-E88A5182562B}
	EndGlobalSection
EndGlobal
